{
  "requires": true,
  "lockfileVersion": 1,
  "dependencies": {
    "tablefilter": {
      "version": "0.6.67",
      "resolved": "https://registry.npmjs.org/tablefilter/-/tablefilter-0.6.67.tgz",
      "integrity": "sha512-6SIKnq3TU3VFHjAG3ZAqZFzkjaakRvyg6qrxUmUAQTrSjyH4Xqlcoaw+LHFKh9P4H8Nokzgg+/5B22QxxtBecQ==",
      "dev": true
    }
  }
}
