
Microsoft Visual Studio Solution File, Format Version 12.00
# Visual Studio 15
VisualStudioVersion = 15.0.28010.2016
MinimumVisualStudioVersion = 10.0.40219.1
Project("{FAE04EC0-301F-11D3-BF4B-00C04F79EFBC}") = "SmartGameStatTrackingWebApp", "SmartGameStatTrackingWebApp\SmartGameStatTrackingWebApp.csproj", "{1CEE3FDB-FF9C-407B-8CA3-B8F7FF803419}"
EndProject
Project("{00D1A9C2-B5F0-4AF3-8072-F6C62B433612}") = "Database1", "..\Database1\Database1.sqlproj", "{50E09FB0-136A-4CF5-AC5D-7AAB1FD429F1}"
EndProject
Global
	GlobalSection(SolutionConfigurationPlatforms) = preSolution
		Debug|Any CPU = Debug|Any CPU
		Release|Any CPU = Release|Any CPU
	EndGlobalSection
	GlobalSection(ProjectConfigurationPlatforms) = postSolution
		{1CEE3FDB-FF9C-407B-8CA3-B8F7FF803419}.Debug|Any CPU.ActiveCfg = Debug|Any CPU
		{1CEE3FDB-FF9C-407B-8CA3-B8F7FF803419}.Debug|Any CPU.Build.0 = Debug|Any CPU
		{1CEE3FDB-FF9C-407B-8CA3-B8F7FF803419}.Release|Any CPU.ActiveCfg = Release|Any CPU
		{1CEE3FDB-FF9C-407B-8CA3-B8F7FF803419}.Release|Any CPU.Build.0 = Release|Any CPU
		{50E09FB0-136A-4CF5-AC5D-7AAB1FD429F1}.Debug|Any CPU.ActiveCfg = Debug|Any CPU
		{50E09FB0-136A-4CF5-AC5D-7AAB1FD429F1}.Debug|Any CPU.Build.0 = Debug|Any CPU
		{50E09FB0-136A-4CF5-AC5D-7AAB1FD429F1}.Debug|Any CPU.Deploy.0 = Debug|Any CPU
		{50E09FB0-136A-4CF5-AC5D-7AAB1FD429F1}.Release|Any CPU.ActiveCfg = Release|Any CPU
		{50E09FB0-136A-4CF5-AC5D-7AAB1FD429F1}.Release|Any CPU.Build.0 = Release|Any CPU
		{50E09FB0-136A-4CF5-AC5D-7AAB1FD429F1}.Release|Any CPU.Deploy.0 = Release|Any CPU
	EndGlobalSection
	GlobalSection(SolutionProperties) = preSolution
		HideSolutionNode = FALSE
	EndGlobalSection
	GlobalSection(ExtensibilityGlobals) = postSolution
		SolutionGuid = {1CCE56FF-164B-4FA8-95F0-91E9D1993418}
	EndGlobalSection
EndGlobal
